
Microsoft Visual Studio Solution File, Format Version 12.00
# Visual Studio 15
VisualStudioVersion = 15.0.27130.2010
MinimumVisualStudioVersion = 10.0.40219.1
Project("{FAE04EC0-301F-11D3-BF4B-00C04F79EFBC}") = "DogsWebApp", "DogsWebApp\DogsWebApp.csproj", "{07E2AFE7-EA79-49FC-B7C0-F896A5D3577B}"
EndProject
Project("{FAE04EC0-301F-11D3-BF4B-00C04F79EFBC}") = "DogsWebApp.Tests", "DogsWebApp.Tests\DogsWebApp.Tests.csproj", "{2AE83719-6BE8-4DBE-97A3-6C825B6B64F2}"
EndProject
Global
	GlobalSection(SolutionConfigurationPlatforms) = preSolution
		Debug|Any CPU = Debug|Any CPU
		Release|Any CPU = Release|Any CPU
	EndGlobalSection
	GlobalSection(ProjectConfigurationPlatforms) = postSolution
		{07E2AFE7-EA79-49FC-B7C0-F896A5D3577B}.Debug|Any CPU.ActiveCfg = Debug|Any CPU
		{07E2AFE7-EA79-49FC-B7C0-F896A5D3577B}.Debug|Any CPU.Build.0 = Debug|Any CPU
		{07E2AFE7-EA79-49FC-B7C0-F896A5D3577B}.Release|Any CPU.ActiveCfg = Release|Any CPU
		{07E2AFE7-EA79-49FC-B7C0-F896A5D3577B}.Release|Any CPU.Build.0 = Release|Any CPU
		{2AE83719-6BE8-4DBE-97A3-6C825B6B64F2}.Debug|Any CPU.ActiveCfg = Debug|Any CPU
		{2AE83719-6BE8-4DBE-97A3-6C825B6B64F2}.Debug|Any CPU.Build.0 = Debug|Any CPU
		{2AE83719-6BE8-4DBE-97A3-6C825B6B64F2}.Release|Any CPU.ActiveCfg = Release|Any CPU
		{2AE83719-6BE8-4DBE-97A3-6C825B6B64F2}.Release|Any CPU.Build.0 = Release|Any CPU
	EndGlobalSection
	GlobalSection(SolutionProperties) = preSolution
		HideSolutionNode = FALSE
	EndGlobalSection
	GlobalSection(ExtensibilityGlobals) = postSolution
		SolutionGuid = {1F4301AF-A778-4E41-9D07-BC4898075F22}
	EndGlobalSection
EndGlobal
